// !$*UTF8*$!
{
	archiveVersion = 1;
	classes = {
	};
	objectVersion = 77;
	objects = {

/* Begin PBXBuildFile section */
		2529D3A82DD7990C00E72138 /* PrintExtension.appex in Embed Foundation Extensions */ = {isa = PBXBuildFile; fileRef = 2529D39E2DD7990B00E72138 /* PrintExtension.appex */; settings = {ATTRIBUTES = (RemoveHeadersOnCopy, ); }; };
		2529D3AE2DD799A400E72138 /* UniformTypeIdentifiers.framework in Frameworks */ = {isa = PBXBuildFile; fileRef = 25EAB4442DD5868800C5A4BB /* UniformTypeIdentifiers.framework */; };
		25EAB4452DD5868800C5A4BB /* UniformTypeIdentifiers.framework in Frameworks */ = {isa = PBXBuildFile; fileRef = 25EAB4442DD5868800C5A4BB /* UniformTypeIdentifiers.framework */; };
		25EAB4512DD5868800C5A4BB /* ImagePicker.appex in Embed Foundation Extensions */ = {isa = PBXBuildFile; fileRef = 25EAB4422DD5868800C5A4BB /* ImagePicker.appex */; settings = {ATTRIBUTES = (RemoveHeadersOnCopy, ); }; };
/* End PBXBuildFile section */

/* Begin PBXContainerItemProxy section */
		2529D3A62DD7990C00E72138 /* PBXContainerItemProxy */ = {
			isa = PBXContainerItemProxy;
			containerPortal = 25EAB41E2DD5867200C5A4BB /* Project object */;
			proxyType = 1;
			remoteGlobalIDString = 2529D39D2DD7990B00E72138;
			remoteInfo = PrintExtension;
		};
		25EAB44F2DD5868800C5A4BB /* PBXContainerItemProxy */ = {
			isa = PBXContainerItemProxy;
			containerPortal = 25EAB41E2DD5867200C5A4BB /* Project object */;
			proxyType = 1;
			remoteGlobalIDString = 25EAB4412DD5868800C5A4BB;
			remoteInfo = ImagePicker;
		};
/* End PBXContainerItemProxy section */

/* Begin PBXCopyFilesBuildPhase section */
		25EAB4562DD5868800C5A4BB /* Embed Foundation Extensions */ = {
			isa = PBXCopyFilesBuildPhase;
			buildActionMask = 2147483647;
			dstPath = "";
			dstSubfolderSpec = 13;
			files = (
				2529D3A82DD7990C00E72138 /* PrintExtension.appex in Embed Foundation Extensions */,
				25EAB4512DD5868800C5A4BB /* ImagePicker.appex in Embed Foundation Extensions */,
			);
			name = "Embed Foundation Extensions";
			runOnlyForDeploymentPostprocessing = 0;
		};
/* End PBXCopyFilesBuildPhase section */

/* Begin PBXFileReference section */
		2529D39E2DD7990B00E72138 /* PrintExtension.appex */ = {isa = PBXFileReference; explicitFileType = "wrapper.app-extension"; includeInIndex = 0; path = PrintExtension.appex; sourceTree = BUILT_PRODUCTS_DIR; };
		25EAB4262DD5867200C5A4BB /* PhotosPrintExtension.app */ = {isa = PBXFileReference; explicitFileType = wrapper.application; includeInIndex = 0; path = PhotosPrintExtension.app; sourceTree = BUILT_PRODUCTS_DIR; };
		25EAB4422DD5868800C5A4BB /* ImagePicker.appex */ = {isa = PBXFileReference; explicitFileType = "wrapper.app-extension"; includeInIndex = 0; path = ImagePicker.appex; sourceTree = BUILT_PRODUCTS_DIR; };
		25EAB4442DD5868800C5A4BB /* UniformTypeIdentifiers.framework */ = {isa = PBXFileReference; lastKnownFileType = wrapper.framework; name = UniformTypeIdentifiers.framework; path = System/Library/Frameworks/UniformTypeIdentifiers.framework; sourceTree = SDKROOT; };
/* End PBXFileReference section */

/* Begin PBXFileSystemSynchronizedBuildFileExceptionSet section */
		2529D3AC2DD7990C00E72138 /* Exceptions for "PrintExtension" folder in "PrintExtension" target */ = {
			isa = PBXFileSystemSynchronizedBuildFileExceptionSet;
			membershipExceptions = (
				Info.plist,
			);
			target = 2529D39D2DD7990B00E72138 /* PrintExtension */;
		};
		25EAB4382DD5867300C5A4BB /* Exceptions for "PhotosPrintExtension" folder in "PhotosPrintExtension" target */ = {
			isa = PBXFileSystemSynchronizedBuildFileExceptionSet;
			membershipExceptions = (
				Info.plist,
			);
			target = 25EAB4252DD5867200C5A4BB /* PhotosPrintExtension */;
		};
		25EAB4552DD5868800C5A4BB /* Exceptions for "ImagePicker" folder in "ImagePicker" target */ = {
			isa = PBXFileSystemSynchronizedBuildFileExceptionSet;
			membershipExceptions = (
				Info.plist,
			);
			target = 25EAB4412DD5868800C5A4BB /* ImagePicker */;
		};
/* End PBXFileSystemSynchronizedBuildFileExceptionSet section */

/* Begin PBXFileSystemSynchronizedRootGroup section */
		2529D39F2DD7990B00E72138 /* PrintExtension */ = {
			isa = PBXFileSystemSynchronizedRootGroup;
			exceptions = (
				2529D3AC2DD7990C00E72138 /* Exceptions for "PrintExtension" folder in "PrintExtension" target */,
			);
			path = PrintExtension;
			sourceTree = "<group>";
		};
		25EAB4282DD5867200C5A4BB /* PhotosPrintExtension */ = {
			isa = PBXFileSystemSynchronizedRootGroup;
			exceptions = (
				25EAB4382DD5867300C5A4BB /* Exceptions for "PhotosPrintExtension" folder in "PhotosPrintExtension" target */,
			);
			path = PhotosPrintExtension;
			sourceTree = "<group>";
		};
		25EAB4462DD5868800C5A4BB /* ImagePicker */ = {
			isa = PBXFileSystemSynchronizedRootGroup;
			exceptions = (
				25EAB4552DD5868800C5A4BB /* Exceptions for "ImagePicker" folder in "ImagePicker" target */,
			);
			path = ImagePicker;
			sourceTree = "<group>";
		};
/* End PBXFileSystemSynchronizedRootGroup section */

/* Begin PBXFrameworksBuildPhase section */
		2529D39B2DD7990B00E72138 /* Frameworks */ = {
			isa = PBXFrameworksBuildPhase;
			buildActionMask = 2147483647;
			files = (
				2529D3AE2DD799A400E72138 /* UniformTypeIdentifiers.framework in Frameworks */,
			);
			runOnlyForDeploymentPostprocessing = 0;
		};
		25EAB4232DD5867200C5A4BB /* Frameworks */ = {
			isa = PBXFrameworksBuildPhase;
			buildActionMask = 2147483647;
			files = (
			);
			runOnlyForDeploymentPostprocessing = 0;
		};
		25EAB43F2DD5868800C5A4BB /* Frameworks */ = {
			isa = PBXFrameworksBuildPhase;
			buildActionMask = 2147483647;
			files = (
				25EAB4452DD5868800C5A4BB /* UniformTypeIdentifiers.framework in Frameworks */,
			);
			runOnlyForDeploymentPostprocessing = 0;
		};
/* End PBXFrameworksBuildPhase section */

/* Begin PBXGroup section */
		25EAB41D2DD5867200C5A4BB = {
			isa = PBXGroup;
			children = (
				25EAB4282DD5867200C5A4BB /* PhotosPrintExtension */,
				25EAB4462DD5868800C5A4BB /* ImagePicker */,
				2529D39F2DD7990B00E72138 /* PrintExtension */,
				25EAB4432DD5868800C5A4BB /* Frameworks */,
				25EAB4272DD5867200C5A4BB /* Products */,
			);
			sourceTree = "<group>";
		};
		25EAB4272DD5867200C5A4BB /* Products */ = {
			isa = PBXGroup;
			children = (
				25EAB4262DD5867200C5A4BB /* PhotosPrintExtension.app */,
				25EAB4422DD5868800C5A4BB /* ImagePicker.appex */,
				2529D39E2DD7990B00E72138 /* PrintExtension.appex */,
			);
			name = Products;
			sourceTree = "<group>";
		};
		25EAB4432DD5868800C5A4BB /* Frameworks */ = {
			isa = PBXGroup;
			children = (
				25EAB4442DD5868800C5A4BB /* UniformTypeIdentifiers.framework */,
			);
			name = Frameworks;
			sourceTree = "<group>";
		};
/* End PBXGroup section */

/* Begin PBXNativeTarget section */
		2529D39D2DD7990B00E72138 /* PrintExtension */ = {
			isa = PBXNativeTarget;
			buildConfigurationList = 2529D3A92DD7990C00E72138 /* Build configuration list for PBXNativeTarget "PrintExtension" */;
			buildPhases = (
				2529D39A2DD7990B00E72138 /* Sources */,
				2529D39B2DD7990B00E72138 /* Frameworks */,
				2529D39C2DD7990B00E72138 /* Resources */,
			);
			buildRules = (
			);
			dependencies = (
			);
			fileSystemSynchronizedGroups = (
				2529D39F2DD7990B00E72138 /* PrintExtension */,
			);
			name = PrintExtension;
			packageProductDependencies = (
			);
			productName = PrintExtension;
			productReference = 2529D39E2DD7990B00E72138 /* PrintExtension.appex */;
			productType = "com.apple.product-type.app-extension";
		};
		25EAB4252DD5867200C5A4BB /* PhotosPrintExtension */ = {
			isa = PBXNativeTarget;
			buildConfigurationList = 25EAB4392DD5867300C5A4BB /* Build configuration list for PBXNativeTarget "PhotosPrintExtension" */;
			buildPhases = (
				25EAB4222DD5867200C5A4BB /* Sources */,
				25EAB4232DD5867200C5A4BB /* Frameworks */,
				25EAB4242DD5867200C5A4BB /* Resources */,
				25EAB4562DD5868800C5A4BB /* Embed Foundation Extensions */,
			);
			buildRules = (
			);
			dependencies = (
				25EAB4502DD5868800C5A4BB /* PBXTargetDependency */,
				2529D3A72DD7990C00E72138 /* PBXTargetDependency */,
			);
			fileSystemSynchronizedGroups = (
				25EAB4282DD5867200C5A4BB /* PhotosPrintExtension */,
			);
			name = PhotosPrintExtension;
			packageProductDependencies = (
			);
			productName = PhotosPrintExtension;
			productReference = 25EAB4262DD5867200C5A4BB /* PhotosPrintExtension.app */;
			productType = "com.apple.product-type.application";
		};
		25EAB4412DD5868800C5A4BB /* ImagePicker */ = {
			isa = PBXNativeTarget;
			buildConfigurationList = 25EAB4522DD5868800C5A4BB /* Build configuration list for PBXNativeTarget "ImagePicker" */;
			buildPhases = (
				25EAB43E2DD5868800C5A4BB /* Sources */,
				25EAB43F2DD5868800C5A4BB /* Frameworks */,
				25EAB4402DD5868800C5A4BB /* Resources */,
			);
			buildRules = (
			);
			dependencies = (
			);
			fileSystemSynchronizedGroups = (
				25EAB4462DD5868800C5A4BB /* ImagePicker */,
			);
			name = ImagePicker;
			packageProductDependencies = (
			);
			productName = ImagePicker;
			productReference = 25EAB4422DD5868800C5A4BB /* ImagePicker.appex */;
			productType = "com.apple.product-type.app-extension";
		};
/* End PBXNativeTarget section */

/* Begin PBXProject section */
		25EAB41E2DD5867200C5A4BB /* Project object */ = {
			isa = PBXProject;
			attributes = {
				BuildIndependentTargetsInParallel = 1;
				LastSwiftUpdateCheck = 1630;
				LastUpgradeCheck = 1630;
				TargetAttributes = {
					2529D39D2DD7990B00E72138 = {
						CreatedOnToolsVersion = 16.3;
					};
					25EAB4252DD5867200C5A4BB = {
						CreatedOnToolsVersion = 16.3;
					};
					25EAB4412DD5868800C5A4BB = {
						CreatedOnToolsVersion = 16.3;
					};
				};
			};
			buildConfigurationList = 25EAB4212DD5867200C5A4BB /* Build configuration list for PBXProject "PhotosPrintExtension" */;
			developmentRegion = en;
			hasScannedForEncodings = 0;
			knownRegions = (
				en,
				Base,
			);
			mainGroup = 25EAB41D2DD5867200C5A4BB;
			minimizedProjectReferenceProxies = 1;
			preferredProjectObjectVersion = 77;
			productRefGroup = 25EAB4272DD5867200C5A4BB /* Products */;
			projectDirPath = "";
			projectRoot = "";
			targets = (
				25EAB4252DD5867200C5A4BB /* PhotosPrintExtension */,
				25EAB4412DD5868800C5A4BB /* ImagePicker */,
				2529D39D2DD7990B00E72138 /* PrintExtension */,
			);
		};
/* End PBXProject section */

/* Begin PBXResourcesBuildPhase section */
		2529D39C2DD7990B00E72138 /* Resources */ = {
			isa = PBXResourcesBuildPhase;
			buildActionMask = 2147483647;
			files = (
			);
			runOnlyForDeploymentPostprocessing = 0;
		};
		25EAB4242DD5867200C5A4BB /* Resources */ = {
			isa = PBXResourcesBuildPhase;
			buildActionMask = 2147483647;
			files = (
			);
			runOnlyForDeploymentPostprocessing = 0;
		};
		25EAB4402DD5868800C5A4BB /* Resources */ = {
			isa = PBXResourcesBuildPhase;
			buildActionMask = 2147483647;
			files = (
			);
			runOnlyForDeploymentPostprocessing = 0;
		};
/* End PBXResourcesBuildPhase section */

/* Begin PBXSourcesBuildPhase section */
		2529D39A2DD7990B00E72138 /* Sources */ = {
			isa = PBXSourcesBuildPhase;
			buildActionMask = 2147483647;
			files = (
			);
			runOnlyForDeploymentPostprocessing = 0;
		};
		25EAB4222DD5867200C5A4BB /* Sources */ = {
			isa = PBXSourcesBuildPhase;
			buildActionMask = 2147483647;
			files = (
			);
			runOnlyForDeploymentPostprocessing = 0;
		};
		25EAB43E2DD5868800C5A4BB /* Sources */ = {
			isa = PBXSourcesBuildPhase;
			buildActionMask = 2147483647;
			files = (
			);
			runOnlyForDeploymentPostprocessing = 0;
		};
/* End PBXSourcesBuildPhase section */

/* Begin PBXTargetDependency section */
		2529D3A72DD7990C00E72138 /* PBXTargetDependency */ = {
			isa = PBXTargetDependency;
			target = 2529D39D2DD7990B00E72138 /* PrintExtension */;
			targetProxy = 2529D3A62DD7990C00E72138 /* PBXContainerItemProxy */;
		};
		25EAB4502DD5868800C5A4BB /* PBXTargetDependency */ = {
			isa = PBXTargetDependency;
			target = 25EAB4412DD5868800C5A4BB /* ImagePicker */;
			targetProxy = 25EAB44F2DD5868800C5A4BB /* PBXContainerItemProxy */;
		};
/* End PBXTargetDependency section */

/* Begin XCBuildConfiguration section */
		2529D3AA2DD7990C00E72138 /* Debug */ = {
			isa = XCBuildConfiguration;
			buildSettings = {
				CODE_SIGN_ENTITLEMENTS = PrintExtension/PrintExtension.entitlements;
				CODE_SIGN_STYLE = Manual;
				CURRENT_PROJECT_VERSION = 1;
				DEVELOPMENT_TEAM = "";
				GENERATE_INFOPLIST_FILE = YES;
				INFOPLIST_FILE = PrintExtension/Info.plist;
				INFOPLIST_KEY_CFBundleDisplayName = "Print with Yourapp";
				INFOPLIST_KEY_NSHumanReadableCopyright = "";
				LD_RUNPATH_SEARCH_PATHS = (
					"$(inherited)",
					"@executable_path/Frameworks",
					"@executable_path/../../Frameworks",
				);
				MARKETING_VERSION = 1.0;
				PRODUCT_BUNDLE_IDENTIFIER = com.PhotosPrintExtension.PrintExtension;
				PRODUCT_NAME = "$(TARGET_NAME)";
				PROVISIONING_PROFILE_SPECIFIER = "";
				SKIP_INSTALL = YES;
				SUPPORTED_PLATFORMS = "iphoneos iphonesimulator";
				SUPPORTS_MACCATALYST = NO;
				SUPPORTS_MAC_DESIGNED_FOR_IPHONE_IPAD = NO;
				SUPPORTS_XR_DESIGNED_FOR_IPHONE_IPAD = NO;
				SWIFT_EMIT_LOC_STRINGS = YES;
				SWIFT_VERSION = 5.0;
				TARGETED_DEVICE_FAMILY = 1;
			};
			name = Debug;
		};
		2529D3AB2DD7990C00E72138 /* Release */ = {
			isa = XCBuildConfiguration;
			buildSettings = {
				CODE_SIGN_ENTITLEMENTS = PrintExtension/PrintExtension.entitlements;
				CODE_SIGN_STYLE = Manual;
				CURRENT_PROJECT_VERSION = 1;
				DEVELOPMENT_TEAM = "";
				GENERATE_INFOPLIST_FILE = YES;
				INFOPLIST_FILE = PrintExtension/Info.plist;
				INFOPLIST_KEY_CFBundleDisplayName = "Print with Yourapp";
				INFOPLIST_KEY_NSHumanReadableCopyright = "";
				LD_RUNPATH_SEARCH_PATHS = (
					"$(inherited)",
					"@executable_path/Frameworks",
					"@executable_path/../../Frameworks",
				);
				MARKETING_VERSION = 1.0;
				PRODUCT_BUNDLE_IDENTIFIER = com.PhotosPrintExtension.PrintExtension;
				PRODUCT_NAME = "$(TARGET_NAME)";
				PROVISIONING_PROFILE_SPECIFIER = "";
				SKIP_INSTALL = YES;
				SUPPORTED_PLATFORMS = "iphoneos iphonesimulator";
				SUPPORTS_MACCATALYST = NO;
				SUPPORTS_MAC_DESIGNED_FOR_IPHONE_IPAD = NO;
				SUPPORTS_XR_DESIGNED_FOR_IPHONE_IPAD = NO;
				SWIFT_EMIT_LOC_STRINGS = YES;
				SWIFT_VERSION = 5.0;
				TARGETED_DEVICE_FAMILY = 1;
			};
			name = Release;
		};
		25EAB43A2DD5867300C5A4BB /* Debug */ = {
			isa = XCBuildConfiguration;
			buildSettings = {
				ASSETCATALOG_COMPILER_APPICON_NAME = AppIcon;
				ASSETCATALOG_COMPILER_GLOBAL_ACCENT_COLOR_NAME = AccentColor;
				CODE_SIGN_ENTITLEMENTS = PhotosPrintExtension/PhotosPrintExtension.entitlements;
				CODE_SIGN_STYLE = Manual;
				CURRENT_PROJECT_VERSION = 1;
				DEVELOPMENT_TEAM = "";
				GENERATE_INFOPLIST_FILE = YES;
				INFOPLIST_FILE = PhotosPrintExtension/Info.plist;
				INFOPLIST_KEY_UIApplicationSupportsIndirectInputEvents = YES;
				INFOPLIST_KEY_UILaunchStoryboardName = LaunchScreen;
				INFOPLIST_KEY_UIMainStoryboardFile = Main;
				INFOPLIST_KEY_UISupportedInterfaceOrientations = "UIInterfaceOrientationLandscapeLeft UIInterfaceOrientationLandscapeRight UIInterfaceOrientationPortrait";
				INFOPLIST_KEY_UISupportedInterfaceOrientations_iPad = "UIInterfaceOrientationLandscapeRight UIInterfaceOrientationPortrait";
				IPHONEOS_DEPLOYMENT_TARGET = 17.0;
				LD_RUNPATH_SEARCH_PATHS = (
					"$(inherited)",
					"@executable_path/Frameworks",
				);
				MARKETING_VERSION = 1.0;
				PRODUCT_BUNDLE_IDENTIFIER = com.PhotosPrintExtension;
				PRODUCT_NAME = "$(TARGET_NAME)";
				PROVISIONING_PROFILE_SPECIFIER = "";
				SWIFT_EMIT_LOC_STRINGS = YES;
				SWIFT_VERSION = 5.0;
				TARGETED_DEVICE_FAMILY = "1,2";
			};
			name = Debug;
		};
		25EAB43B2DD5867300C5A4BB /* Release */ = {
			isa = XCBuildConfiguration;
			buildSettings = {
				ASSETCATALOG_COMPILER_APPICON_NAME = AppIcon;
				ASSETCATALOG_COMPILER_GLOBAL_ACCENT_COLOR_NAME = AccentColor;
				CODE_SIGN_ENTITLEMENTS = PhotosPrintExtension/PhotosPrintExtension.entitlements;
				CODE_SIGN_STYLE = Manual;
				CURRENT_PROJECT_VERSION = 1;
				DEVELOPMENT_TEAM = "";
				GENERATE_INFOPLIST_FILE = YES;
				INFOPLIST_FILE = PhotosPrintExtension/Info.plist;
				INFOPLIST_KEY_UIApplicationSupportsIndirectInputEvents = YES;
				INFOPLIST_KEY_UILaunchStoryboardName = LaunchScreen;
				INFOPLIST_KEY_UIMainStoryboardFile = Main;
				INFOPLIST_KEY_UISupportedInterfaceOrientations = "UIInterfaceOrientationLandscapeLeft UIInterfaceOrientationLandscapeRight UIInterfaceOrientationPortrait";
				INFOPLIST_KEY_UISupportedInterfaceOrientations_iPad = "UIInterfaceOrientationLandscapeRight UIInterfaceOrientationPortrait";
				IPHONEOS_DEPLOYMENT_TARGET = 17.0;
				LD_RUNPATH_SEARCH_PATHS = (
					"$(inherited)",
					"@executable_path/Frameworks",
				);
				MARKETING_VERSION = 1.0;
				PRODUCT_BUNDLE_IDENTIFIER = com.PhotosPrintExtension;
				PRODUCT_NAME = "$(TARGET_NAME)";
				PROVISIONING_PROFILE_SPECIFIER = "";
				SWIFT_EMIT_LOC_STRINGS = YES;
				SWIFT_VERSION = 5.0;
				TARGETED_DEVICE_FAMILY = "1,2";
			};
			name = Release;
		};
		25EAB43C2DD5867300C5A4BB /* Debug */ = {
			isa = XCBuildConfiguration;
			buildSettings = {
				ALWAYS_SEARCH_USER_PATHS = NO;
				ASSETCATALOG_COMPILER_GENERATE_SWIFT_ASSET_SYMBOL_EXTENSIONS = YES;
				CLANG_ANALYZER_NONNULL = YES;
				CLANG_ANALYZER_NUMBER_OBJECT_CONVERSION = YES_AGGRESSIVE;
				CLANG_CXX_LANGUAGE_STANDARD = "gnu++20";
				CLANG_ENABLE_MODULES = YES;
				CLANG_ENABLE_OBJC_ARC = YES;
				CLANG_ENABLE_OBJC_WEAK = YES;
				CLANG_WARN_BLOCK_CAPTURE_AUTORELEASING = YES;
				CLANG_WARN_BOOL_CONVERSION = YES;
				CLANG_WARN_COMMA = YES;
				CLANG_WARN_CONSTANT_CONVERSION = YES;
				CLANG_WARN_DEPRECATED_OBJC_IMPLEMENTATIONS = YES;
				CLANG_WARN_DIRECT_OBJC_ISA_USAGE = YES_ERROR;
				CLANG_WARN_DOCUMENTATION_COMMENTS = YES;
				CLANG_WARN_EMPTY_BODY = YES;
				CLANG_WARN_ENUM_CONVERSION = YES;
				CLANG_WARN_INFINITE_RECURSION = YES;
				CLANG_WARN_INT_CONVERSION = YES;
				CLANG_WARN_NON_LITERAL_NULL_CONVERSION = YES;
				CLANG_WARN_OBJC_IMPLICIT_RETAIN_SELF = YES;
				CLANG_WARN_OBJC_LITERAL_CONVERSION = YES;
				CLANG_WARN_OBJC_ROOT_CLASS = YES_ERROR;
				CLANG_WARN_QUOTED_INCLUDE_IN_FRAMEWORK_HEADER = YES;
				CLANG_WARN_RANGE_LOOP_ANALYSIS = YES;
				CLANG_WARN_STRICT_PROTOTYPES = YES;
				CLANG_WARN_SUSPICIOUS_MOVE = YES;
				CLANG_WARN_UNGUARDED_AVAILABILITY = YES_AGGRESSIVE;
				CLANG_WARN_UNREACHABLE_CODE = YES;
				CLANG_WARN__DUPLICATE_METHOD_MATCH = YES;
				COPY_PHASE_STRIP = NO;
				DEBUG_INFORMATION_FORMAT = dwarf;
				ENABLE_STRICT_OBJC_MSGSEND = YES;
				ENABLE_TESTABILITY = YES;
				ENABLE_USER_SCRIPT_SANDBOXING = YES;
				GCC_C_LANGUAGE_STANDARD = gnu17;
				GCC_DYNAMIC_NO_PIC = NO;
				GCC_NO_COMMON_BLOCKS = YES;
				GCC_OPTIMIZATION_LEVEL = 0;
				GCC_PREPROCESSOR_DEFINITIONS = (
					"DEBUG=1",
					"$(inherited)",
				);
				GCC_WARN_64_TO_32_BIT_CONVERSION = YES;
				GCC_WARN_ABOUT_RETURN_TYPE = YES_ERROR;
				GCC_WARN_UNDECLARED_SELECTOR = YES;
				GCC_WARN_UNINITIALIZED_AUTOS = YES_AGGRESSIVE;
				GCC_WARN_UNUSED_FUNCTION = YES;
				GCC_WARN_UNUSED_VARIABLE = YES;
				IPHONEOS_DEPLOYMENT_TARGET = 18.4;
				LOCALIZATION_PREFERS_STRING_CATALOGS = YES;
				MTL_ENABLE_DEBUG_INFO = INCLUDE_SOURCE;
				MTL_FAST_MATH = YES;
				ONLY_ACTIVE_ARCH = YES;
				SDKROOT = iphoneos;
				SWIFT_ACTIVE_COMPILATION_CONDITIONS = "DEBUG $(inherited)";
				SWIFT_OPTIMIZATION_LEVEL = "-Onone";
			};
			name = Debug;
		};
		25EAB43D2DD5867300C5A4BB /* Release */ = {
			isa = XCBuildConfiguration;
			buildSettings = {
				ALWAYS_SEARCH_USER_PATHS = NO;
				ASSETCATALOG_COMPILER_GENERATE_SWIFT_ASSET_SYMBOL_EXTENSIONS = YES;
				CLANG_ANALYZER_NONNULL = YES;
				CLANG_ANALYZER_NUMBER_OBJECT_CONVERSION = YES_AGGRESSIVE;
				CLANG_CXX_LANGUAGE_STANDARD = "gnu++20";
				CLANG_ENABLE_MODULES = YES;
				CLANG_ENABLE_OBJC_ARC = YES;
				CLANG_ENABLE_OBJC_WEAK = YES;
				CLANG_WARN_BLOCK_CAPTURE_AUTORELEASING = YES;
				CLANG_WARN_BOOL_CONVERSION = YES;
				CLANG_WARN_COMMA = YES;
				CLANG_WARN_CONSTANT_CONVERSION = YES;
				CLANG_WARN_DEPRECATED_OBJC_IMPLEMENTATIONS = YES;
				CLANG_WARN_DIRECT_OBJC_ISA_USAGE = YES_ERROR;
				CLANG_WARN_DOCUMENTATION_COMMENTS = YES;
				CLANG_WARN_EMPTY_BODY = YES;
				CLANG_WARN_ENUM_CONVERSION = YES;
				CLANG_WARN_INFINITE_RECURSION = YES;
				CLANG_WARN_INT_CONVERSION = YES;
				CLANG_WARN_NON_LITERAL_NULL_CONVERSION = YES;
				CLANG_WARN_OBJC_IMPLICIT_RETAIN_SELF = YES;
				CLANG_WARN_OBJC_LITERAL_CONVERSION = YES;
				CLANG_WARN_OBJC_ROOT_CLASS = YES_ERROR;
				CLANG_WARN_QUOTED_INCLUDE_IN_FRAMEWORK_HEADER = YES;
				CLANG_WARN_RANGE_LOOP_ANALYSIS = YES;
				CLANG_WARN_STRICT_PROTOTYPES = YES;
				CLANG_WARN_SUSPICIOUS_MOVE = YES;
				CLANG_WARN_UNGUARDED_AVAILABILITY = YES_AGGRESSIVE;
				CLANG_WARN_UNREACHABLE_CODE = YES;
				CLANG_WARN__DUPLICATE_METHOD_MATCH = YES;
				COPY_PHASE_STRIP = NO;
				DEBUG_INFORMATION_FORMAT = "dwarf-with-dsym";
				ENABLE_NS_ASSERTIONS = NO;
				ENABLE_STRICT_OBJC_MSGSEND = YES;
				ENABLE_USER_SCRIPT_SANDBOXING = YES;
				GCC_C_LANGUAGE_STANDARD = gnu17;
				GCC_NO_COMMON_BLOCKS = YES;
				GCC_WARN_64_TO_32_BIT_CONVERSION = YES;
				GCC_WARN_ABOUT_RETURN_TYPE = YES_ERROR;
				GCC_WARN_UNDECLARED_SELECTOR = YES;
				GCC_WARN_UNINITIALIZED_AUTOS = YES_AGGRESSIVE;
				GCC_WARN_UNUSED_FUNCTION = YES;
				GCC_WARN_UNUSED_VARIABLE = YES;
				IPHONEOS_DEPLOYMENT_TARGET = 18.4;
				LOCALIZATION_PREFERS_STRING_CATALOGS = YES;
				MTL_ENABLE_DEBUG_INFO = NO;
				MTL_FAST_MATH = YES;
				SDKROOT = iphoneos;
				SWIFT_COMPILATION_MODE = wholemodule;
				VALIDATE_PRODUCT = YES;
			};
			name = Release;
		};
		25EAB4532DD5868800C5A4BB /* Debug */ = {
			isa = XCBuildConfiguration;
			buildSettings = {
				CODE_SIGN_ENTITLEMENTS = ImagePicker/ImagePicker.entitlements;
				CODE_SIGN_STYLE = Manual;
				CURRENT_PROJECT_VERSION = 1;
				DEVELOPMENT_TEAM = "";
				GENERATE_INFOPLIST_FILE = YES;
				INFOPLIST_FILE = ImagePicker/Info.plist;
				INFOPLIST_KEY_CFBundleDisplayName = "Print with Yourapp";
				INFOPLIST_KEY_NSHumanReadableCopyright = "";
				IPHONEOS_DEPLOYMENT_TARGET = 17.0;
				LD_RUNPATH_SEARCH_PATHS = (
					"$(inherited)",
					"@executable_path/Frameworks",
					"@executable_path/../../Frameworks",
				);
				MARKETING_VERSION = 1.0;
				PRODUCT_BUNDLE_IDENTIFIER = com.PhotosPrintExtension.ImagePicker;
				PRODUCT_NAME = "$(TARGET_NAME)";
				PROVISIONING_PROFILE_SPECIFIER = "";
				SKIP_INSTALL = YES;
				SUPPORTED_PLATFORMS = "iphoneos iphonesimulator";
				SUPPORTS_MACCATALYST = NO;
				SUPPORTS_MAC_DESIGNED_FOR_IPHONE_IPAD = NO;
				SUPPORTS_XR_DESIGNED_FOR_IPHONE_IPAD = NO;
				SWIFT_EMIT_LOC_STRINGS = YES;
				SWIFT_VERSION = 5.0;
				TARGETED_DEVICE_FAMILY = 1;
			};
			name = Debug;
		};
		25EAB4542DD5868800C5A4BB /* Release */ = {
			isa = XCBuildConfiguration;
			buildSettings = {
				CODE_SIGN_ENTITLEMENTS = ImagePicker/ImagePicker.entitlements;
				CODE_SIGN_STYLE = Manual;
				CURRENT_PROJECT_VERSION = 1;
				DEVELOPMENT_TEAM = "";
				GENERATE_INFOPLIST_FILE = YES;
				INFOPLIST_FILE = ImagePicker/Info.plist;
				INFOPLIST_KEY_CFBundleDisplayName = "Print with Yourapp";
				INFOPLIST_KEY_NSHumanReadableCopyright = "";
				IPHONEOS_DEPLOYMENT_TARGET = 17.0;
				LD_RUNPATH_SEARCH_PATHS = (
					"$(inherited)",
					"@executable_path/Frameworks",
					"@executable_path/../../Frameworks",
				);
				MARKETING_VERSION = 1.0;
				PRODUCT_BUNDLE_IDENTIFIER = com.PhotosPrintExtension.ImagePicker;
				PRODUCT_NAME = "$(TARGET_NAME)";
				PROVISIONING_PROFILE_SPECIFIER = "";
				SKIP_INSTALL = YES;
				SUPPORTED_PLATFORMS = "iphoneos iphonesimulator";
				SUPPORTS_MACCATALYST = NO;
				SUPPORTS_MAC_DESIGNED_FOR_IPHONE_IPAD = NO;
				SUPPORTS_XR_DESIGNED_FOR_IPHONE_IPAD = NO;
				SWIFT_EMIT_LOC_STRINGS = YES;
				SWIFT_VERSION = 5.0;
				TARGETED_DEVICE_FAMILY = 1;
			};
			name = Release;
		};
/* End XCBuildConfiguration section */

/* Begin XCConfigurationList section */
		2529D3A92DD7990C00E72138 /* Build configuration list for PBXNativeTarget "PrintExtension" */ = {
			isa = XCConfigurationList;
			buildConfigurations = (
				2529D3AA2DD7990C00E72138 /* Debug */,
				2529D3AB2DD7990C00E72138 /* Release */,
			);
			defaultConfigurationIsVisible = 0;
			defaultConfigurationName = Release;
		};
		25EAB4212DD5867200C5A4BB /* Build configuration list for PBXProject "PhotosPrintExtension" */ = {
			isa = XCConfigurationList;
			buildConfigurations = (
				25EAB43C2DD5867300C5A4BB /* Debug */,
				25EAB43D2DD5867300C5A4BB /* Release */,
			);
			defaultConfigurationIsVisible = 0;
			defaultConfigurationName = Release;
		};
		25EAB4392DD5867300C5A4BB /* Build configuration list for PBXNativeTarget "PhotosPrintExtension" */ = {
			isa = XCConfigurationList;
			buildConfigurations = (
				25EAB43A2DD5867300C5A4BB /* Debug */,
				25EAB43B2DD5867300C5A4BB /* Release */,
			);
			defaultConfigurationIsVisible = 0;
			defaultConfigurationName = Release;
		};
		25EAB4522DD5868800C5A4BB /* Build configuration list for PBXNativeTarget "ImagePicker" */ = {
			isa = XCConfigurationList;
			buildConfigurations = (
				25EAB4532DD5868800C5A4BB /* Debug */,
				25EAB4542DD5868800C5A4BB /* Release */,
			);
			defaultConfigurationIsVisible = 0;
			defaultConfigurationName = Release;
		};
/* End XCConfigurationList section */
	};
	rootObject = 25EAB41E2DD5867200C5A4BB /* Project object */;
}
